
Microsoft Visual Studio Solution File, Format Version 12.00
# Visual Studio Version 17
VisualStudioVersion = 17.1.32210.238
MinimumVisualStudioVersion = 10.0.40219.1
Project("{FAE04EC0-301F-11D3-BF4B-00C04F79EFBC}") = "modul4_1302204080", "modul4_1302204080.csproj", "{E22E2E63-B65D-400A-A6A4-1DFC6C4E7BD5}"
EndProject
Global
	GlobalSection(SolutionConfigurationPlatforms) = preSolution
		Debug|Any CPU = Debug|Any CPU
		Release|Any CPU = Release|Any CPU
	EndGlobalSection
	GlobalSection(ProjectConfigurationPlatforms) = postSolution
		{E22E2E63-B65D-400A-A6A4-1DFC6C4E7BD5}.Debug|Any CPU.ActiveCfg = Debug|Any CPU
		{E22E2E63-B65D-400A-A6A4-1DFC6C4E7BD5}.Debug|Any CPU.Build.0 = Debug|Any CPU
		{E22E2E63-B65D-400A-A6A4-1DFC6C4E7BD5}.Release|Any CPU.ActiveCfg = Release|Any CPU
		{E22E2E63-B65D-400A-A6A4-1DFC6C4E7BD5}.Release|Any CPU.Build.0 = Release|Any CPU
	EndGlobalSection
	GlobalSection(SolutionProperties) = preSolution
		HideSolutionNode = FALSE
	EndGlobalSection
	GlobalSection(ExtensibilityGlobals) = postSolution
		SolutionGuid = {FB869FD1-6422-4102-B253-8A1FCE8D11DB}
	EndGlobalSection
EndGlobal
